<?xml version="1.0" encoding="utf-8"?>
<Project ToolsVersion="4.0" xmlns="http://schemas.microsoft.com/developer/msbuild/2003">
  <ItemGroup>
    <Filter Include="Source Files">
      <UniqueIdentifier>{4FC737F1-C7A5-4376-A066-2A32D752A2FF}</UniqueIdentifier>
      <Extensions>qml;cpp;c;cc;cxx;def;odl;idl;hpj;bat;asm;asmx</Extensions>
    </Filter>
    <Filter Include="Header Files">
      <UniqueIdentifier>{93995380-89BD-4b04-88EB-625FBE52EBFB}</UniqueIdentifier>
      <Extensions>h;hh;hpp;hxx;hm;inl;inc;xsd</Extensions>
    </Filter>
    <Filter Include="Resource Files">
      <UniqueIdentifier>{67DA6AB6-F800-4c08-8B7A-83BB121AAD01}</UniqueIdentifier>
      <Extensions>qrc;rc;ico;cur;bmp;dlg;rc2;rct;bin;rgs;gif;jpg;jpeg;jpe;resx;tiff;tif;png;wav;mfcribbon-ms</Extensions>
    </Filter>
    <Filter Include="Form Files">
      <UniqueIdentifier>{99349809-55BA-4b9d-BF79-8FDBB0286EB3}</UniqueIdentifier>
      <Extensions>ui</Extensions>
    </Filter>
    <Filter Include="Translation Files">
      <UniqueIdentifier>{639EADAA-A684-42e4-A9AD-28FC9BCB8F7C}</UniqueIdentifier>
      <Extensions>ts</Extensions>
    </Filter>
  </ItemGroup>
  <ItemGroup>
    <QtRcc Include="GUI.qrc">
      <Filter>Resource Files</Filter>
    </QtRcc>
    <QtUic Include="GUI.ui">
      <Filter>Form Files</Filter>
    </QtUic>
    <QtMoc Include="GUI.h">
      <Filter>Header Files</Filter>
    </QtMoc>
    <ClCompile Include="GUI.cpp">
      <Filter>Source Files</Filter>
    </ClCompile>
  </ItemGroup>
  <ItemGroup>
    <ClCompile Include="main.cpp">
      <Filter>Source Files</Filter>
    </ClCompile>
    <ClCompile Include="GameWindow.cpp">
      <Filter>Source Files</Filter>
    </ClCompile>
    <ClCompile Include="LoginWindow.cpp">
      <Filter>Source Files</Filter>
    </ClCompile>
    <ClCompile Include="RegisterWindow.cpp">
      <Filter>Source Files</Filter>
    </ClCompile>
    <ClCompile Include="MainMenuWindow.cpp">
      <Filter>Source Files</Filter>
    </ClCompile>
    <ClCompile Include="ShopWindow.cpp">
      <Filter>Source Files</Filter>
    </ClCompile>
    <ClCompile Include="LobbyWindow.cpp">
      <Filter>Source Files</Filter>
    </ClCompile>
    <ClCompile Include="GameControler.cpp">
      <Filter>Source Files</Filter>
    </ClCompile>
    <ClCompile Include="WinWindow.cpp">
      <Filter>Source Files</Filter>
    </ClCompile>
  </ItemGroup>
  <ItemGroup>
    <ClInclude Include="Celltype.h">
      <Filter>Header Files</Filter>
    </ClInclude>
    <ClInclude Include="GameControler.h">
      <Filter>Header Files</Filter>
    </ClInclude>
  </ItemGroup>
  <ItemGroup>
    <Image Include="Breakable.png">
      <Filter>Resource Files</Filter>
    </Image>
    <Image Include="Unbreakable.png">
      <Filter>Resource Files</Filter>
    </Image>
    <Image Include="Bomb.png">
      <Filter>Resource Files</Filter>
    </Image>
    <Image Include="Player.png">
      <Filter>Resource Files</Filter>
    </Image>
    <Image Include="PlayerDown.png">
      <Filter>Resource Files</Filter>
    </Image>
    <Image Include="PlayerLeft.png">
      <Filter>Resource Files</Filter>
    </Image>
    <Image Include="PlayerRight.png">
      <Filter>Resource Files</Filter>
    </Image>
    <Image Include="PlayerUp.png">
      <Filter>Resource Files</Filter>
    </Image>
    <Image Include="battleCity.jpg">
      <Filter>Resource Files</Filter>
    </Image>
    <Image Include="BulletUpDown.png">
      <Filter>Resource Files</Filter>
    </Image>
    <Image Include="BulletLeftRight.png">
      <Filter>Resource Files</Filter>
    </Image>
    <Image Include="menu.jpg">
      <Filter>Resource Files</Filter>
    </Image>
    <Image Include="BattleMenu.jpg">
      <Filter>Resource Files</Filter>
    </Image>
    <Image Include="Empty.png">
      <Filter>Resource Files</Filter>
    </Image>
    <Image Include="PlayerDownShield.png">
      <Filter>Resource Files</Filter>
    </Image>
    <Image Include="PlayerLeftShield.png">
      <Filter>Resource Files</Filter>
    </Image>
    <Image Include="PlayerRightShield.png">
      <Filter>Resource Files</Filter>
    </Image>
    <Image Include="PlayerUpShield.png">
      <Filter>Resource Files</Filter>
    </Image>
  </ItemGroup>
  <ItemGroup>
    <QtMoc Include="GameWindow.h">
      <Filter>Header Files</Filter>
    </QtMoc>
    <QtMoc Include="LoginWindow.h">
      <Filter>Header Files</Filter>
    </QtMoc>
    <QtMoc Include="RegisterWindow.h">
      <Filter>Header Files</Filter>
    </QtMoc>
    <QtMoc Include="MainMenuWindow.h">
      <Filter>Header Files</Filter>
    </QtMoc>
    <QtMoc Include="ShopWindow.h">
      <Filter>Header Files</Filter>
    </QtMoc>
    <QtMoc Include="WinWindow.h">
      <Filter>Header Files</Filter>
    </QtMoc>
    <QtMoc Include="LobbyWindow.h">
      <Filter>Header Files</Filter>
    </QtMoc>
  </ItemGroup>
</Project>